
Microsoft Visual Studio Solution File, Format Version 12.00
# Visual Studio Version 16
VisualStudioVersion = 16.0.31729.503
MinimumVisualStudioVersion = 10.0.40219.1
Project("{9A19103F-16F7-4668-BE54-9A1E7A4F7556}") = "ATM", "ATM.csproj", "{FDE9BB6E-8023-43A1-8894-BFEE538E6D91}"
EndProject
Project("{FAE04EC0-301F-11D3-BF4B-00C04F79EFBC}") = "DataLibrary", "..\DataLibrary\DataLibrary.csproj", "{3E3A476D-875B-4980-8EC4-0B00CECD0F93}"
EndProject
Global
	GlobalSection(SolutionConfigurationPlatforms) = preSolution
		Debug|Any CPU = Debug|Any CPU
		Release|Any CPU = Release|Any CPU
	EndGlobalSection
	GlobalSection(ProjectConfigurationPlatforms) = postSolution
		{FDE9BB6E-8023-43A1-8894-BFEE538E6D91}.Debug|Any CPU.ActiveCfg = Debug|Any CPU
		{FDE9BB6E-8023-43A1-8894-BFEE538E6D91}.Debug|Any CPU.Build.0 = Debug|Any CPU
		{FDE9BB6E-8023-43A1-8894-BFEE538E6D91}.Release|Any CPU.ActiveCfg = Release|Any CPU
		{FDE9BB6E-8023-43A1-8894-BFEE538E6D91}.Release|Any CPU.Build.0 = Release|Any CPU
		{3E3A476D-875B-4980-8EC4-0B00CECD0F93}.Debug|Any CPU.ActiveCfg = Debug|Any CPU
		{3E3A476D-875B-4980-8EC4-0B00CECD0F93}.Debug|Any CPU.Build.0 = Debug|Any CPU
		{3E3A476D-875B-4980-8EC4-0B00CECD0F93}.Release|Any CPU.ActiveCfg = Release|Any CPU
		{3E3A476D-875B-4980-8EC4-0B00CECD0F93}.Release|Any CPU.Build.0 = Release|Any CPU
	EndGlobalSection
	GlobalSection(SolutionProperties) = preSolution
		HideSolutionNode = FALSE
	EndGlobalSection
	GlobalSection(ExtensibilityGlobals) = postSolution
		SolutionGuid = {4565AB67-5841-45F4-B3CD-EA7396B3076D}
	EndGlobalSection
EndGlobal
